# THIS IS AN AUTOGENERATED FILE. DO NOT EDIT THIS FILE DIRECTLY.
# yarn lockfile v1


"@anthropic-ai/sdk@^0.9.1":
  version "0.9.1"
  resolved "http://r.npm.sankuai.com/@anthropic-ai/sdk/download/@anthropic-ai/sdk-0.9.1.tgz#b2d2b7bf05c90dce502c9a2e869066870f69ba88"
  integrity sha1-stK3vwXJDc5QLJouhpBmhw9puog=
  dependencies:
    "@types/node" "^18.11.18"
    "@types/node-fetch" "^2.6.4"
    abort-controller "^3.0.0"
    agentkeepalive "^4.2.1"
    digest-fetch "^1.3.0"
    form-data-encoder "1.7.2"
    formdata-node "^4.3.2"
    node-fetch "^2.6.7"
    web-streams-polyfill "^3.2.1"

"@langchain/community@^0.0.55", "@langchain/community@~0.0.47":
  version "0.0.55"
  resolved "http://r.npm.sankuai.com/@langchain/community/download/@langchain/community-0.0.55.tgz#e0f50193225ecf8223dc1e734213fe50ff9a74b8"
  integrity sha1-4PUBkyJez4Ij3B5zQhP+UP+adLg=
  dependencies:
    "@langchain/core" "~0.1.60"
    "@langchain/openai" "~0.0.28"
    expr-eval "^2.0.2"
    flat "^5.0.2"
    langsmith "~0.1.1"
    uuid "^9.0.0"
    zod "^3.22.3"
    zod-to-json-schema "^3.22.5"

"@langchain/core@^0.1.62", "@langchain/core@~0.1", "@langchain/core@~0.1.56", "@langchain/core@~0.1.60":
  version "0.1.62"
  resolved "http://r.npm.sankuai.com/@langchain/core/download/@langchain/core-0.1.62.tgz#d2a31ffa8e999af0d5f9583b3c00a0434e770178"
  integrity sha1-0qMf+o6ZmvDV+Vg7PACgQ053AXg=
  dependencies:
    ansi-styles "^5.0.0"
    camelcase "6"
    decamelize "1.2.0"
    js-tiktoken "^1.0.8"
    langsmith "~0.1.7"
    ml-distance "^4.0.0"
    mustache "^4.2.0"
    p-queue "^6.6.2"
    p-retry "4"
    uuid "^9.0.0"
    zod "^3.22.4"
    zod-to-json-schema "^3.22.3"

"@langchain/openai@^0.0.28", "@langchain/openai@~0.0.28":
  version "0.0.28"
  resolved "http://r.npm.sankuai.com/@langchain/openai/download/@langchain/openai-0.0.28.tgz#afaeec61b44816935db9ae937496c964c81ab571"
  integrity sha1-r67sYbRIFpNdua6TdJbJZMgatXE=
  dependencies:
    "@langchain/core" "~0.1.56"
    js-tiktoken "^1.0.7"
    openai "^4.32.1"
    zod "^3.22.4"
    zod-to-json-schema "^3.22.3"

"@langchain/textsplitters@~0.0.0":
  version "0.0.0"
  resolved "https://registry.yarnpkg.com/@langchain/textsplitters/-/textsplitters-0.0.0.tgz#5fe05fcd86ad7f1b4766afacda482cba98a3d35d"
  integrity sha512-3hPesWomnmVeYMppEGYbyv0v/sRUugUdlFBNn9m1ueJYHAIKbvCErkWxNUH3guyKKYgJVrkvZoQxcd9faucSaw==
  dependencies:
    "@langchain/core" "~0.1"
    js-tiktoken "^1.0.11"

"@types/node-fetch@^2.6.4":
  version "2.6.11"
  resolved "http://r.npm.sankuai.com/@types/node-fetch/download/@types/node-fetch-2.6.11.tgz#9b39b78665dae0e82a08f02f4967d62c66f95d24"
  integrity sha1-mzm3hmXa4OgqCPAvSWfWLGb5XSQ=
  dependencies:
    "@types/node" "*"
    form-data "^4.0.0"

"@types/node@*":
  version "20.12.11"
  resolved "http://r.npm.sankuai.com/@types/node/download/@types/node-20.12.11.tgz#c4ef00d3507000d17690643278a60dc55a9dc9be"
  integrity sha1-xO8A01BwANF2kGQyeKYNxVqdyb4=
  dependencies:
    undici-types "~5.26.4"

"@types/node@^18.11.18":
  version "18.19.33"
  resolved "http://r.npm.sankuai.com/@types/node/download/@types/node-18.19.33.tgz#98cd286a1b8a5e11aa06623210240bcc28e95c48"
  integrity sha1-mM0oahuKXhGqBmIyECQLzCjpXEg=
  dependencies:
    undici-types "~5.26.4"

"@types/retry@0.12.0":
  version "0.12.0"
  resolved "http://r.npm.sankuai.com/@types/retry/download/@types/retry-0.12.0.tgz#2b35eccfcee7d38cd72ad99232fbd58bffb3c84d"
  integrity sha1-KzXsz87n04zXKtmSMvvVi/+zyE0=

"@types/uuid@^9.0.1":
  version "9.0.8"
  resolved "http://r.npm.sankuai.com/@types/uuid/download/@types/uuid-9.0.8.tgz#7545ba4fc3c003d6c756f651f3bf163d8f0f29ba"
  integrity sha1-dUW6T8PAA9bHVvZR878WPY8PKbo=

abort-controller@^3.0.0:
  version "3.0.0"
  resolved "http://r.npm.sankuai.com/abort-controller/download/abort-controller-3.0.0.tgz#eaf54d53b62bae4138e809ca225c8439a6efb392"
  integrity sha1-6vVNU7YrrkE46AnKIlyEOabvs5I=
  dependencies:
    event-target-shim "^5.0.0"

agentkeepalive@^4.2.1:
  version "4.5.0"
  resolved "http://r.npm.sankuai.com/agentkeepalive/download/agentkeepalive-4.5.0.tgz#2673ad1389b3c418c5a20c5d7364f93ca04be923"
  integrity sha1-JnOtE4mzxBjFogxdc2T5PKBL6SM=
  dependencies:
    humanize-ms "^1.2.1"

ansi-styles@^5.0.0:
  version "5.2.0"
  resolved "http://r.npm.sankuai.com/ansi-styles/download/ansi-styles-5.2.0.tgz#07449690ad45777d1924ac2abb2fc8895dba836b"
  integrity sha1-B0SWkK1Fd30ZJKwquy/IiV26g2s=

argparse@^2.0.1:
  version "2.0.1"
  resolved "http://r.npm.sankuai.com/argparse/download/argparse-2.0.1.tgz#246f50f3ca78a3240f6c997e8a9bd1eac49e4b38"
  integrity sha1-JG9Q88p4oyQPbJl+ipvR6sSeSzg=

asynckit@^0.4.0:
  version "0.4.0"
  resolved "http://r.npm.sankuai.com/asynckit/download/asynckit-0.4.0.tgz#c79ed97f7f34cb8f2ba1bc9790bcc366474b4b79"
  integrity sha1-x57Zf380y48robyXkLzDZkdLS3k=

base-64@^0.1.0:
  version "0.1.0"
  resolved "http://r.npm.sankuai.com/base-64/download/base-64-0.1.0.tgz#780a99c84e7d600260361511c4877613bf24f6bb"
  integrity sha1-eAqZyE59YAJgNhURxId2E78k9rs=

base64-js@^1.5.1:
  version "1.5.1"
  resolved "http://r.npm.sankuai.com/base64-js/download/base64-js-1.5.1.tgz#1b1b440160a5bf7ad40b650f095963481903930a"
  integrity sha1-GxtEAWClv3rUC2UPCVljSBkDkwo=

binary-extensions@^2.2.0:
  version "2.3.0"
  resolved "http://r.npm.sankuai.com/binary-extensions/download/binary-extensions-2.3.0.tgz#f6e14a97858d327252200242d4ccfe522c445522"
  integrity sha1-9uFKl4WNMnJSIAJC1Mz+UixEVSI=

binary-search@^1.3.5:
  version "1.3.6"
  resolved "http://r.npm.sankuai.com/binary-search/download/binary-search-1.3.6.tgz#e32426016a0c5092f0f3598836a1c7da3560565c"
  integrity sha1-4yQmAWoMUJLw81mINqHH2jVgVlw=

camelcase@6:
  version "6.3.0"
  resolved "http://r.npm.sankuai.com/camelcase/download/camelcase-6.3.0.tgz#5685b95eb209ac9c0c177467778c9c84df58ba9a"
  integrity sha1-VoW5XrIJrJwMF3Rnd4ychN9Yupo=

charenc@0.0.2:
  version "0.0.2"
  resolved "http://r.npm.sankuai.com/charenc/download/charenc-0.0.2.tgz#c0a1d2f3a7092e03774bfa83f14c0fc5790a8667"
  integrity sha1-wKHS86cJLgN3S/qD8UwPxXkKhmc=

combined-stream@^1.0.8:
  version "1.0.8"
  resolved "http://r.npm.sankuai.com/combined-stream/download/combined-stream-1.0.8.tgz#c3d45a8b34fd730631a110a8a2520682b31d5a7f"
  integrity sha1-w9RaizT9cwYxoRCoolIGgrMdWn8=
  dependencies:
    delayed-stream "~1.0.0"

commander@^10.0.1:
  version "10.0.1"
  resolved "http://r.npm.sankuai.com/commander/download/commander-10.0.1.tgz#881ee46b4f77d1c1dccc5823433aa39b022cbe06"
  integrity sha1-iB7ka0930cHczFgjQzqjmwIsvgY=

crypt@0.0.2:
  version "0.0.2"
  resolved "http://r.npm.sankuai.com/crypt/download/crypt-0.0.2.tgz#88d7ff7ec0dfb86f713dc87bbb42d044d3e6c41b"
  integrity sha1-iNf/fsDfuG9xPch7u0LQRNPmxBs=

decamelize@1.2.0:
  version "1.2.0"
  resolved "http://r.npm.sankuai.com/decamelize/download/decamelize-1.2.0.tgz#f6534d15148269b20352e7bee26f501f9a191290"
  integrity sha1-9lNNFRSCabIDUue+4m9QH5oZEpA=

delayed-stream@~1.0.0:
  version "1.0.0"
  resolved "http://r.npm.sankuai.com/delayed-stream/download/delayed-stream-1.0.0.tgz#df3ae199acadfb7d440aaae0b29e2272b24ec619"
  integrity sha1-3zrhmayt+31ECqrgsp4icrJOxhk=

digest-fetch@^1.3.0:
  version "1.3.0"
  resolved "http://r.npm.sankuai.com/digest-fetch/download/digest-fetch-1.3.0.tgz#898e69264d00012a23cf26e8a3e40320143fc661"
  integrity sha1-iY5pJk0AASojzyboo+QDIBQ/xmE=
  dependencies:
    base-64 "^0.1.0"
    md5 "^2.3.0"

event-target-shim@^5.0.0:
  version "5.0.1"
  resolved "http://r.npm.sankuai.com/event-target-shim/download/event-target-shim-5.0.1.tgz#5d4d3ebdf9583d63a5333ce2deb7480ab2b05789"
  integrity sha1-XU0+vflYPWOlMzzi3rdICrKwV4k=

eventemitter3@^4.0.4:
  version "4.0.7"
  resolved "http://r.npm.sankuai.com/eventemitter3/download/eventemitter3-4.0.7.tgz#2de9b68f6528d5644ef5c59526a1b4a07306169f"
  integrity sha1-Lem2j2Uo1WRO9cWVJqG0oHMGFp8=

expr-eval@^2.0.2:
  version "2.0.2"
  resolved "http://r.npm.sankuai.com/expr-eval/download/expr-eval-2.0.2.tgz#fa6f044a7b0c93fde830954eb9c5b0f7fbc7e201"
  integrity sha1-+m8ESnsMk/3oMJVOucWw9/vH4gE=

flat@^5.0.2:
  version "5.0.2"
  resolved "http://r.npm.sankuai.com/flat/download/flat-5.0.2.tgz#8ca6fe332069ffa9d324c327198c598259ceb241"
  integrity sha1-jKb+MyBp/6nTJMMnGYxZglnOskE=

form-data-encoder@1.7.2:
  version "1.7.2"
  resolved "http://r.npm.sankuai.com/form-data-encoder/download/form-data-encoder-1.7.2.tgz#1f1ae3dccf58ed4690b86d87e4f57c654fbab040"
  integrity sha1-Hxrj3M9Y7UaQuG2H5PV8ZU+6sEA=

form-data@^4.0.0:
  version "4.0.0"
  resolved "http://r.npm.sankuai.com/form-data/download/form-data-4.0.0.tgz#93919daeaf361ee529584b9b31664dc12c9fa452"
  integrity sha1-k5Gdrq82HuUpWEubMWZNwSyfpFI=
  dependencies:
    asynckit "^0.4.0"
    combined-stream "^1.0.8"
    mime-types "^2.1.12"

formdata-node@^4.3.2:
  version "4.4.1"
  resolved "http://r.npm.sankuai.com/formdata-node/download/formdata-node-4.4.1.tgz#23f6a5cb9cb55315912cbec4ff7b0f59bbd191e2"
  integrity sha1-I/aly5y1UxWRLL7E/3sPWbvRkeI=
  dependencies:
    node-domexception "1.0.0"
    web-streams-polyfill "4.0.0-beta.3"

humanize-ms@^1.2.1:
  version "1.2.1"
  resolved "http://r.npm.sankuai.com/humanize-ms/download/humanize-ms-1.2.1.tgz#c46e3159a293f6b896da29316d8b6fe8bb79bbed"
  integrity sha1-xG4xWaKT9riW2ikxbYtv6Lt5u+0=
  dependencies:
    ms "^2.0.0"

is-any-array@^2.0.0:
  version "2.0.1"
  resolved "http://r.npm.sankuai.com/is-any-array/download/is-any-array-2.0.1.tgz#9233242a9c098220290aa2ec28f82ca7fa79899e"
  integrity sha1-kjMkKpwJgiApCqLsKPgsp/p5iZ4=

is-buffer@~1.1.6:
  version "1.1.6"
  resolved "http://r.npm.sankuai.com/is-buffer/download/is-buffer-1.1.6.tgz#efaa2ea9daa0d7ab2ea13a97b2b8ad51fefbe8be"
  integrity sha1-76ouqdqg16suoTqXsritUf776L4=

js-tiktoken@^1.0.11, js-tiktoken@^1.0.7, js-tiktoken@^1.0.8:
  version "1.0.11"
  resolved "http://r.npm.sankuai.com/js-tiktoken/download/js-tiktoken-1.0.11.tgz#d7d707b849f703841112660d9d55169424a35344"
  integrity sha1-19cHuEn3A4QREmYNnVUWlCSjU0Q=
  dependencies:
    base64-js "^1.5.1"

js-yaml@^4.1.0:
  version "4.1.0"
  resolved "http://r.npm.sankuai.com/js-yaml/download/js-yaml-4.1.0.tgz#c1fb65f8f5017901cdd2c951864ba18458a10602"
  integrity sha1-wftl+PUBeQHN0slRhkuhhFihBgI=
  dependencies:
    argparse "^2.0.1"

jsonpointer@^5.0.1:
  version "5.0.1"
  resolved "http://r.npm.sankuai.com/jsonpointer/download/jsonpointer-5.0.1.tgz#2110e0af0900fd37467b5907ecd13a7884a1b559"
  integrity sha1-IRDgrwkA/TdGe1kH7NE6eIShtVk=

langchain@^0.1.36:
  version "0.1.36"
  resolved "http://r.npm.sankuai.com/langchain/download/langchain-0.1.36.tgz#2f201f681d83fb265716e28e7dfcfe61fbeef2c2"
  integrity sha1-LyAfaB2D+yZXFuKOffz+Yfvu8sI=
  dependencies:
    "@anthropic-ai/sdk" "^0.9.1"
    "@langchain/community" "~0.0.47"
    "@langchain/core" "~0.1.60"
    "@langchain/openai" "~0.0.28"
    "@langchain/textsplitters" "~0.0.0"
    binary-extensions "^2.2.0"
    js-tiktoken "^1.0.7"
    js-yaml "^4.1.0"
    jsonpointer "^5.0.1"
    langchainhub "~0.0.8"
    langsmith "~0.1.7"
    ml-distance "^4.0.0"
    openapi-types "^12.1.3"
    p-retry "4"
    uuid "^9.0.0"
    yaml "^2.2.1"
    zod "^3.22.4"
    zod-to-json-schema "^3.22.3"

langchainhub@~0.0.8:
  version "0.0.10"
  resolved "http://r.npm.sankuai.com/langchainhub/download/langchainhub-0.0.10.tgz#7579440a3255d67571b7046f3910593c5664f064"
  integrity sha1-dXlECjJV1nVxtwRvORBZPFZk8GQ=

langsmith@~0.1.1, langsmith@~0.1.7:
  version "0.1.23"
  resolved "http://r.npm.sankuai.com/langsmith/download/langsmith-0.1.23.tgz#8460a929451c71b24a3d416fb3ee27cc8d193d34"
  integrity sha1-hGCpKUUccbJKPUFvs+4nzI0ZPTQ=
  dependencies:
    "@types/uuid" "^9.0.1"
    commander "^10.0.1"
    p-queue "^6.6.2"
    p-retry "4"
    uuid "^9.0.0"

md5@^2.3.0:
  version "2.3.0"
  resolved "http://r.npm.sankuai.com/md5/download/md5-2.3.0.tgz#c3da9a6aae3a30b46b7b0c349b87b110dc3bda4f"
  integrity sha1-w9qaaq46MLRreww0m4exENw72k8=
  dependencies:
    charenc "0.0.2"
    crypt "0.0.2"
    is-buffer "~1.1.6"

mime-db@1.52.0:
  version "1.52.0"
  resolved "http://r.npm.sankuai.com/mime-db/download/mime-db-1.52.0.tgz#bbabcdc02859f4987301c856e3387ce5ec43bf70"
  integrity sha1-u6vNwChZ9JhzAchW4zh85exDv3A=

mime-types@^2.1.12:
  version "2.1.35"
  resolved "http://r.npm.sankuai.com/mime-types/download/mime-types-2.1.35.tgz#381a871b62a734450660ae3deee44813f70d959a"
  integrity sha1-OBqHG2KnNEUGYK497uRIE/cNlZo=
  dependencies:
    mime-db "1.52.0"

ml-array-mean@^1.1.6:
  version "1.1.6"
  resolved "http://r.npm.sankuai.com/ml-array-mean/download/ml-array-mean-1.1.6.tgz#d951a700dc8e3a17b3e0a583c2c64abd0c619c56"
  integrity sha1-2VGnANyOOhez4KWDwsZKvQxhnFY=
  dependencies:
    ml-array-sum "^1.1.6"

ml-array-sum@^1.1.6:
  version "1.1.6"
  resolved "http://r.npm.sankuai.com/ml-array-sum/download/ml-array-sum-1.1.6.tgz#d1d89c20793cd29c37b09d40e85681aa4515a955"
  integrity sha1-0dicIHk80pw3sJ1A6FaBqkUVqVU=
  dependencies:
    is-any-array "^2.0.0"

ml-distance-euclidean@^2.0.0:
  version "2.0.0"
  resolved "http://r.npm.sankuai.com/ml-distance-euclidean/download/ml-distance-euclidean-2.0.0.tgz#3a668d236649d1b8fec96380b9435c6f42c9a817"
  integrity sha1-OmaNI2ZJ0bj+yWOAuUNcb0LJqBc=

ml-distance@^4.0.0:
  version "4.0.1"
  resolved "http://r.npm.sankuai.com/ml-distance/download/ml-distance-4.0.1.tgz#4741d17a1735888c5388823762271dfe604bd019"
  integrity sha1-R0HRehc1iIxTiII3Yicd/mBL0Bk=
  dependencies:
    ml-array-mean "^1.1.6"
    ml-distance-euclidean "^2.0.0"
    ml-tree-similarity "^1.0.0"

ml-tree-similarity@^1.0.0:
  version "1.0.0"
  resolved "http://r.npm.sankuai.com/ml-tree-similarity/download/ml-tree-similarity-1.0.0.tgz#24705a107e32829e24d945e87219e892159c53f0"
  integrity sha1-JHBaEH4ygp4k2UXochnokhWcU/A=
  dependencies:
    binary-search "^1.3.5"
    num-sort "^2.0.0"

ms@^2.0.0:
  version "2.1.3"
  resolved "http://r.npm.sankuai.com/ms/download/ms-2.1.3.tgz#574c8138ce1d2b5861f0b44579dbadd60c6615b2"
  integrity sha1-V0yBOM4dK1hh8LRFedut1gxmFbI=

mustache@^4.2.0:
  version "4.2.0"
  resolved "http://r.npm.sankuai.com/mustache/download/mustache-4.2.0.tgz#e5892324d60a12ec9c2a73359edca52972bf6f64"
  integrity sha1-5YkjJNYKEuycKnM1ntylKXK/b2Q=

node-domexception@1.0.0:
  version "1.0.0"
  resolved "http://r.npm.sankuai.com/node-domexception/download/node-domexception-1.0.0.tgz#6888db46a1f71c0b76b3f7555016b63fe64766e5"
  integrity sha1-aIjbRqH3HAt2s/dVUBa2P+ZHZuU=

node-fetch@^2.6.7:
  version "2.7.0"
  resolved "http://r.npm.sankuai.com/node-fetch/download/node-fetch-2.7.0.tgz#d0f0fa6e3e2dc1d27efcd8ad99d550bda94d187d"
  integrity sha1-0PD6bj4twdJ+/NitmdVQvalNGH0=
  dependencies:
    whatwg-url "^5.0.0"

num-sort@^2.0.0:
  version "2.1.0"
  resolved "http://r.npm.sankuai.com/num-sort/download/num-sort-2.1.0.tgz#1cbb37aed071329fdf41151258bc011898577a9b"
  integrity sha1-HLs3rtBxMp/fQRUSWLwBGJhXeps=

openai@^4.32.1:
  version "4.42.0"
  resolved "http://r.npm.sankuai.com/openai/download/openai-4.42.0.tgz#8e6517839dcfbde848b981965989ccd2a4d70b1c"
  integrity sha1-jmUXg53PvehIuYGWWYnM0qTXCxw=
  dependencies:
    "@types/node" "^18.11.18"
    "@types/node-fetch" "^2.6.4"
    abort-controller "^3.0.0"
    agentkeepalive "^4.2.1"
    form-data-encoder "1.7.2"
    formdata-node "^4.3.2"
    node-fetch "^2.6.7"
    web-streams-polyfill "^3.2.1"

openapi-types@^12.1.3:
  version "12.1.3"
  resolved "http://r.npm.sankuai.com/openapi-types/download/openapi-types-12.1.3.tgz#471995eb26c4b97b7bd356aacf7b91b73e777dd3"
  integrity sha1-RxmV6ybEuXt701aqz3uRtz53fdM=

p-finally@^1.0.0:
  version "1.0.0"
  resolved "http://r.npm.sankuai.com/p-finally/download/p-finally-1.0.0.tgz#3fbcfb15b899a44123b34b6dcc18b724336a2cae"
  integrity sha1-P7z7FbiZpEEjs0ttzBi3JDNqLK4=

p-queue@^6.6.2:
  version "6.6.2"
  resolved "http://r.npm.sankuai.com/p-queue/download/p-queue-6.6.2.tgz#2068a9dcf8e67dd0ec3e7a2bcb76810faa85e426"
  integrity sha1-IGip3PjmfdDsPnory3aBD6qF5CY=
  dependencies:
    eventemitter3 "^4.0.4"
    p-timeout "^3.2.0"

p-retry@4:
  version "4.6.2"
  resolved "http://r.npm.sankuai.com/p-retry/download/p-retry-4.6.2.tgz#9baae7184057edd4e17231cee04264106e092a16"
  integrity sha1-m6rnGEBX7dThcjHO4EJkEG4JKhY=
  dependencies:
    "@types/retry" "0.12.0"
    retry "^0.13.1"

p-timeout@^3.2.0:
  version "3.2.0"
  resolved "http://r.npm.sankuai.com/p-timeout/download/p-timeout-3.2.0.tgz#c7e17abc971d2a7962ef83626b35d635acf23dfe"
  integrity sha1-x+F6vJcdKnli74NiazXWNazyPf4=
  dependencies:
    p-finally "^1.0.0"

retry@^0.13.1:
  version "0.13.1"
  resolved "http://r.npm.sankuai.com/retry/download/retry-0.13.1.tgz#185b1587acf67919d63b357349e03537b2484658"
  integrity sha1-GFsVh6z2eRnWOzVzSeA1N7JIRlg=

tr46@~0.0.3:
  version "0.0.3"
  resolved "http://r.npm.sankuai.com/tr46/download/tr46-0.0.3.tgz#8184fd347dac9cdc185992f3a6622e14b9d9ab6a"
  integrity sha1-gYT9NH2snNwYWZLzpmIuFLnZq2o=

undici-types@~5.26.4:
  version "5.26.5"
  resolved "http://r.npm.sankuai.com/undici-types/download/undici-types-5.26.5.tgz#bcd539893d00b56e964fd2657a4866b221a65617"
  integrity sha1-vNU5iT0AtW6WT9JlekhmsiGmVhc=

uuid@^9.0.0:
  version "9.0.1"
  resolved "http://r.npm.sankuai.com/uuid/download/uuid-9.0.1.tgz#e188d4c8853cc722220392c424cd637f32293f30"
  integrity sha1-4YjUyIU8xyIiA5LEJM1jfzIpPzA=

web-streams-polyfill@4.0.0-beta.3:
  version "4.0.0-beta.3"
  resolved "http://r.npm.sankuai.com/web-streams-polyfill/download/web-streams-polyfill-4.0.0-beta.3.tgz#2898486b74f5156095e473efe989dcf185047a38"
  integrity sha1-KJhIa3T1FWCV5HPv6Ync8YUEejg=

web-streams-polyfill@^3.2.1:
  version "3.3.3"
  resolved "http://r.npm.sankuai.com/web-streams-polyfill/download/web-streams-polyfill-3.3.3.tgz#2073b91a2fdb1fbfbd401e7de0ac9f8214cecb4b"
  integrity sha1-IHO5Gi/bH7+9QB594KyfghTOy0s=

webidl-conversions@^3.0.0:
  version "3.0.1"
  resolved "http://r.npm.sankuai.com/webidl-conversions/download/webidl-conversions-3.0.1.tgz#24534275e2a7bc6be7bc86611cc16ae0a5654871"
  integrity sha1-JFNCdeKnvGvnvIZhHMFq4KVlSHE=

whatwg-url@^5.0.0:
  version "5.0.0"
  resolved "http://r.npm.sankuai.com/whatwg-url/download/whatwg-url-5.0.0.tgz#966454e8765462e37644d3626f6742ce8b70965d"
  integrity sha1-lmRU6HZUYuN2RNNib2dCzotwll0=
  dependencies:
    tr46 "~0.0.3"
    webidl-conversions "^3.0.0"

yaml@^2.2.1:
  version "2.4.2"
  resolved "http://r.npm.sankuai.com/yaml/download/yaml-2.4.2.tgz#7a2b30f2243a5fc299e1f14ca58d475ed4bc5362"
  integrity sha1-eisw8iQ6X8KZ4fFMpY1HXtS8U2I=

zod-to-json-schema@^3.22.3, zod-to-json-schema@^3.22.5:
  version "3.23.0"
  resolved "http://r.npm.sankuai.com/zod-to-json-schema/download/zod-to-json-schema-3.23.0.tgz#4fc60e88d3c709eedbfaae3f92f8a7bf786469f2"
  integrity sha1-T8YOiNPHCe7b+q4/kvinv3hkafI=

zod@^3.22.3, zod@^3.22.4:
  version "3.23.8"
  resolved "http://r.npm.sankuai.com/zod/download/zod-3.23.8.tgz#e37b957b5d52079769fb8097099b592f0ef4067d"
  integrity sha1-43uVe11SB5dp+4CXCZtZLw70Bn0=
